{
  "name": "wickra",
  "version": "0.6.6",
  "lockfileVersion": 3,
  "requires": true,
  "packages": {
    "": {
      "name": "wickra",
      "version": "0.6.6",
      "license": "MIT OR Apache-2.0",
      "devDependencies": {
        "@napi-rs/cli": "^2.18.0"
      },
      "engines": {
        "node": ">= 18"
      },
      "optionalDependencies": {
        "wickra-darwin-arm64": "0.6.6",
        "wickra-darwin-x64": "0.6.6",
        "wickra-linux-arm64-gnu": "0.6.6",
        "wickra-linux-x64-gnu": "0.6.6",
        "wickra-win32-arm64-msvc": "0.6.6",
        "wickra-win32-x64-msvc": "0.6.6"
      }
    },
    "node_modules/@napi-rs/cli": {
      "version": "2.18.4",
      "resolved": "https://registry.npmjs.org/@napi-rs/cli/-/cli-2.18.4.tgz",
      "integrity": "sha512-SgJeA4df9DE2iAEpr3M2H0OKl/yjtg1BnRI5/JyowS71tUWhrfSu2LT0V3vlHET+g1hBVlrO60PmEXwUEKp8Mg==",
      "dev": true,
      "license": "MIT",
      "bin": {
        "napi": "scripts/index.js"
      },
      "engines": {
        "node": ">= 10"
      },
      "funding": {
        "type": "github",
        "url": "https://github.com/sponsors/Brooooooklyn"
      }
    },
    "node_modules/wickra-darwin-arm64": {
      "version": "0.6.6",
      "resolved": "https://registry.npmjs.org/wickra-darwin-arm64/-/wickra-darwin-arm64-0.6.6.tgz",
      "integrity": "sha512-4eZiBR/yGUdr4nzhEUFy2i69XgNx64iI2ax/LPamsThgylC0KpHOZKK19QzJ2d9KbK4C8nMjME5FLuR+4GNEwQ==",
      "cpu": [
        "arm64"
      ],
      "license": "MIT OR Apache-2.0",
      "optional": true,
      "os": [
        "darwin"
      ],
      "engines": {
        "node": ">= 18"
      }
    },
    "node_modules/wickra-darwin-x64": {
      "version": "0.6.6",
      "resolved": "https://registry.npmjs.org/wickra-darwin-x64/-/wickra-darwin-x64-0.6.6.tgz",
      "integrity": "sha512-6hf8zI3QPjTFp4zCpmgUwDvNtu6jHqNUHKD5e55POo0CgA52HkpyxSPtVm8TGTIZDI7kPjlbOdBM8CJ76mmXwA==",
      "cpu": [
        "x64"
      ],
      "license": "MIT OR Apache-2.0",
      "optional": true,
      "os": [
        "darwin"
      ],
      "engines": {
        "node": ">= 18"
      }
    },
    "node_modules/wickra-linux-arm64-gnu": {
      "version": "0.6.6",
      "resolved": "https://registry.npmjs.org/wickra-linux-arm64-gnu/-/wickra-linux-arm64-gnu-0.6.6.tgz",
      "integrity": "sha512-kSe6y0xBMSiqdPLXNjwop5WZdHtvdBNKSEBCwZ4hFq33p4apW25/wrlzv9/oDuyD4kuPabJEhCCnFOplh58CUg==",
      "cpu": [
        "arm64"
      ],
      "license": "MIT OR Apache-2.0",
      "optional": true,
      "os": [
        "linux"
      ],
      "engines": {
        "node": ">= 18"
      }
    },
    "node_modules/wickra-linux-x64-gnu": {
      "version": "0.6.6",
      "resolved": "https://registry.npmjs.org/wickra-linux-x64-gnu/-/wickra-linux-x64-gnu-0.6.6.tgz",
      "integrity": "sha512-tWBWS4qz7hxM4xnpFb59bhf6TaLwXq0Z3jEa/2l7r8PiHA94g8r8S53NRMiT+4yiL5hSWe/nUiC/YXdRrhEZ4g==",
      "cpu": [
        "x64"
      ],
      "license": "MIT OR Apache-2.0",
      "optional": true,
      "os": [
        "linux"
      ],
      "engines": {
        "node": ">= 18"
      }
    },
    "node_modules/wickra-win32-arm64-msvc": {
      "version": "0.6.6",
      "resolved": "https://registry.npmjs.org/wickra-win32-arm64-msvc/-/wickra-win32-arm64-msvc-0.6.6.tgz",
      "integrity": "sha512-EXIckHxAtF75PUGDKRzXyqMe9ldP0JjSdu68WFN6iJfp+McYrGu6h40TEJlQ/oUEIoPqiZB/xhVyo/el5Lg7zw==",
      "cpu": [
        "arm64"
      ],
      "license": "MIT OR Apache-2.0",
      "optional": true,
      "os": [
        "win32"
      ],
      "engines": {
        "node": ">= 18"
      }
    },
    "node_modules/wickra-win32-x64-msvc": {
      "version": "0.6.6",
      "resolved": "https://registry.npmjs.org/wickra-win32-x64-msvc/-/wickra-win32-x64-msvc-0.6.6.tgz",
      "integrity": "sha512-Yfsqq1Xwp6hdxMyLze411vNdo7BDwI6+lPSe7A9XdqyPecNDbtKwYLpsal2r8EHbNzqM+R8XnuRtUaEQS5VlUQ==",
      "cpu": [
        "x64"
      ],
      "license": "MIT OR Apache-2.0",
      "optional": true,
      "os": [
        "win32"
      ],
      "engines": {
        "node": ">= 18"
      }
    }
  }
}
